// !$*UTF8*$!
{
	archiveVersion = 1;
	classes = {
	};
	objectVersion = 46;
	objects = {

/* Begin PBXBuildFile section */
		B3C8F3A61957C30D008ADE3A /* Foundation.framework in Frameworks */ = {isa = PBXBuildFile; fileRef = B3C8F3A51957C30D008ADE3A /* Foundation.framework */; };
		B3C8F3A81957C30D008ADE3A /* CoreGraphics.framework in Frameworks */ = {isa = PBXBuildFile; fileRef = B3C8F3A71957C30D008ADE3A /* CoreGraphics.framework */; };
		B3C8F3AA1957C30D008ADE3A /* UIKit.framework in Frameworks */ = {isa = PBXBuildFile; fileRef = B3C8F3A91957C30D008ADE3A /* UIKit.framework */; };
		B3C8F3B01957C30D008ADE3A /* InfoPlist.strings in Resources */ = {isa = PBXBuildFile; fileRef = B3C8F3AE1957C30D008ADE3A /* InfoPlist.strings */; };
		B3C8F3B21957C30E008ADE3A /* main.m in Sources */ = {isa = PBXBuildFile; fileRef = B3C8F3B11957C30E008ADE3A /* main.m */; };
		B3C8F3B61957C30E008ADE3A /* AppDelegate.m in Sources */ = {isa = PBXBuildFile; fileRef = B3C8F3B51957C30E008ADE3A /* AppDelegate.m */; };
		B3C8F3B81957C30E008ADE3A /* Images.xcassets in Resources */ = {isa = PBXBuildFile; fileRef = B3C8F3B71957C30E008ADE3A /* Images.xcassets */; };
		B3C8F3BF1957C30F008ADE3A /* XCTest.framework in Frameworks */ = {isa = PBXBuildFile; fileRef = B3C8F3BE1957C30E008ADE3A /* XCTest.framework */; };
		B3C8F3C01957C30F008ADE3A /* Foundation.framework in Frameworks */ = {isa = PBXBuildFile; fileRef = B3C8F3A51957C30D008ADE3A /* Foundation.framework */; };
		B3C8F3C11957C30F008ADE3A /* UIKit.framework in Frameworks */ = {isa = PBXBuildFile; fileRef = B3C8F3A91957C30D008ADE3A /* UIKit.framework */; };
		B3C8F3C91957C30F008ADE3A /* InfoPlist.strings in Resources */ = {isa = PBXBuildFile; fileRef = B3C8F3C71957C30F008ADE3A /* InfoPlist.strings */; };
		B3C8F3CB1957C30F008ADE3A /* QRcodeTests.m in Sources */ = {isa = PBXBuildFile; fileRef = B3C8F3CA1957C30F008ADE3A /* QRcodeTests.m */; };
/* End PBXBuildFile section */

/* Begin PBXContainerItemProxy section */
		B3C8F3C21957C30F008ADE3A /* PBXContainerItemProxy */ = {
			isa = PBXContainerItemProxy;
			containerPortal = B3C8F39A1957C30D008ADE3A /* Project object */;
			proxyType = 1;
			remoteGlobalIDString = B3C8F3A11957C30D008ADE3A;
			remoteInfo = QRcode;
		};
/* End PBXContainerItemProxy section */

/* Begin PBXFileReference section */
		B3C8F3A21957C30D008ADE3A /* QRcode.app */ = {isa = PBXFileReference; explicitFileType = wrapper.application; includeInIndex = 0; path = QRcode.app; sourceTree = BUILT_PRODUCTS_DIR; };
		B3C8F3A51957C30D008ADE3A /* Foundation.framework */ = {isa = PBXFileReference; lastKnownFileType = wrapper.framework; name = Foundation.framework; path = System/Library/Frameworks/Foundation.framework; sourceTree = SDKROOT; };
		B3C8F3A71957C30D008ADE3A /* CoreGraphics.framework */ = {isa = PBXFileReference; lastKnownFileType = wrapper.framework; name = CoreGraphics.framework; path = System/Library/Frameworks/CoreGraphics.framework; sourceTree = SDKROOT; };
		B3C8F3A91957C30D008ADE3A /* UIKit.framework */ = {isa = PBXFileReference; lastKnownFileType = wrapper.framework; name = UIKit.framework; path = System/Library/Frameworks/UIKit.framework; sourceTree = SDKROOT; };
		B3C8F3AD1957C30D008ADE3A /* QRcode-Info.plist */ = {isa = PBXFileReference; lastKnownFileType = text.plist.xml; path = "QRcode-Info.plist"; sourceTree = "<group>"; };
		B3C8F3AF1957C30D008ADE3A /* en */ = {isa = PBXFileReference; lastKnownFileType = text.plist.strings; name = en; path = en.lproj/InfoPlist.strings; sourceTree = "<group>"; };
		B3C8F3B11957C30E008ADE3A /* main.m */ = {isa = PBXFileReference; lastKnownFileType = sourcecode.c.objc; path = main.m; sourceTree = "<group>"; };
		B3C8F3B31957C30E008ADE3A /* QRcode-Prefix.pch */ = {isa = PBXFileReference; lastKnownFileType = sourcecode.c.h; path = "QRcode-Prefix.pch"; sourceTree = "<group>"; };
		B3C8F3B41957C30E008ADE3A /* AppDelegate.h */ = {isa = PBXFileReference; lastKnownFileType = sourcecode.c.h; path = AppDelegate.h; sourceTree = "<group>"; };
		B3C8F3B51957C30E008ADE3A /* AppDelegate.m */ = {isa = PBXFileReference; lastKnownFileType = sourcecode.c.objc; path = AppDelegate.m; sourceTree = "<group>"; };
		B3C8F3B71957C30E008ADE3A /* Images.xcassets */ = {isa = PBXFileReference; lastKnownFileType = folder.assetcatalog; path = Images.xcassets; sourceTree = "<group>"; };
		B3C8F3BD1957C30E008ADE3A /* QRcodeTests.xctest */ = {isa = PBXFileReference; explicitFileType = wrapper.cfbundle; includeInIndex = 0; path = QRcodeTests.xctest; sourceTree = BUILT_PRODUCTS_DIR; };
		B3C8F3BE1957C30E008ADE3A /* XCTest.framework */ = {isa = PBXFileReference; lastKnownFileType = wrapper.framework; name = XCTest.framework; path = Library/Frameworks/XCTest.framework; sourceTree = DEVELOPER_DIR; };
		B3C8F3C61957C30F008ADE3A /* QRcodeTests-Info.plist */ = {isa = PBXFileReference; lastKnownFileType = text.plist.xml; path = "QRcodeTests-Info.plist"; sourceTree = "<group>"; };
		B3C8F3C81957C30F008ADE3A /* en */ = {isa = PBXFileReference; lastKnownFileType = text.plist.strings; name = en; path = en.lproj/InfoPlist.strings; sourceTree = "<group>"; };
		B3C8F3CA1957C30F008ADE3A /* QRcodeTests.m */ = {isa = PBXFileReference; lastKnownFileType = sourcecode.c.objc; path = QRcodeTests.m; sourceTree = "<group>"; };
/* End PBXFileReference section */

/* Begin PBXFrameworksBuildPhase section */
		B3C8F39F1957C30D008ADE3A /* Frameworks */ = {
			isa = PBXFrameworksBuildPhase;
			buildActionMask = 2147483647;
			files = (
				B3C8F3A81957C30D008ADE3A /* CoreGraphics.framework in Frameworks */,
				B3C8F3AA1957C30D008ADE3A /* UIKit.framework in Frameworks */,
				B3C8F3A61957C30D008ADE3A /* Foundation.framework in Frameworks */,
			);
			runOnlyForDeploymentPostprocessing = 0;
		};
		B3C8F3BA1957C30E008ADE3A /* Frameworks */ = {
			isa = PBXFrameworksBuildPhase;
			buildActionMask = 2147483647;
			files = (
				B3C8F3BF1957C30F008ADE3A /* XCTest.framework in Frameworks */,
				B3C8F3C11957C30F008ADE3A /* UIKit.framework in Frameworks */,
				B3C8F3C01957C30F008ADE3A /* Foundation.framework in Frameworks */,
			);
			runOnlyForDeploymentPostprocessing = 0;
		};
/* End PBXFrameworksBuildPhase section */

/* Begin PBXGroup section */
		B3C8F3991957C30D008ADE3A = {
			isa = PBXGroup;
			children = (
				B3C8F3AB1957C30D008ADE3A /* QRcode */,
				B3C8F3C41957C30F008ADE3A /* QRcodeTests */,
				B3C8F3A41957C30D008ADE3A /* Frameworks */,
				B3C8F3A31957C30D008ADE3A /* Products */,
			);
			sourceTree = "<group>";
		};
		B3C8F3A31957C30D008ADE3A /* Products */ = {
			isa = PBXGroup;
			children = (
				B3C8F3A21957C30D008ADE3A /* QRcode.app */,
				B3C8F3BD1957C30E008ADE3A /* QRcodeTests.xctest */,
			);
			name = Products;
			sourceTree = "<group>";
		};
		B3C8F3A41957C30D008ADE3A /* Frameworks */ = {
			isa = PBXGroup;
			children = (
				B3C8F3A51957C30D008ADE3A /* Foundation.framework */,
				B3C8F3A71957C30D008ADE3A /* CoreGraphics.framework */,
				B3C8F3A91957C30D008ADE3A /* UIKit.framework */,
				B3C8F3BE1957C30E008ADE3A /* XCTest.framework */,
			);
			name = Frameworks;
			sourceTree = "<group>";
		};
		B3C8F3AB1957C30D008ADE3A /* QRcode */ = {
			isa = PBXGroup;
			children = (
				B3C8F3B41957C30E008ADE3A /* AppDelegate.h */,
				B3C8F3B51957C30E008ADE3A /* AppDelegate.m */,
				B3C8F3B71957C30E008ADE3A /* Images.xcassets */,
				B3C8F3AC1957C30D008ADE3A /* Supporting Files */,
			);
			path = QRcode;
			sourceTree = "<group>";
		};
		B3C8F3AC1957C30D008ADE3A /* Supporting Files */ = {
			isa = PBXGroup;
			children = (
				B3C8F3AD1957C30D008ADE3A /* QRcode-Info.plist */,
				B3C8F3AE1957C30D008ADE3A /* InfoPlist.strings */,
				B3C8F3B11957C30E008ADE3A /* main.m */,
				B3C8F3B31957C30E008ADE3A /* QRcode-Prefix.pch */,
			);
			name = "Supporting Files";
			sourceTree = "<group>";
		};
		B3C8F3C41957C30F008ADE3A /* QRcodeTests */ = {
			isa = PBXGroup;
			children = (
				B3C8F3CA1957C30F008ADE3A /* QRcodeTests.m */,
				B3C8F3C51957C30F008ADE3A /* Supporting Files */,
			);
			path = QRcodeTests;
			sourceTree = "<group>";
		};
		B3C8F3C51957C30F008ADE3A /* Supporting Files */ = {
			isa = PBXGroup;
			children = (
				B3C8F3C61957C30F008ADE3A /* QRcodeTests-Info.plist */,
				B3C8F3C71957C30F008ADE3A /* InfoPlist.strings */,
			);
			name = "Supporting Files";
			sourceTree = "<group>";
		};
/* End PBXGroup section */

/* Begin PBXNativeTarget section */
		B3C8F3A11957C30D008ADE3A /* QRcode */ = {
			isa = PBXNativeTarget;
			buildConfigurationList = B3C8F3CE1957C30F008ADE3A /* Build configuration list for PBXNativeTarget "QRcode" */;
			buildPhases = (
				B3C8F39E1957C30D008ADE3A /* Sources */,
				B3C8F39F1957C30D008ADE3A /* Frameworks */,
				B3C8F3A01957C30D008ADE3A /* Resources */,
			);
			buildRules = (
			);
			dependencies = (
			);
			name = QRcode;
			productName = QRcode;
			productReference = B3C8F3A21957C30D008ADE3A /* QRcode.app */;
			productType = "com.apple.product-type.application";
		};
		B3C8F3BC1957C30E008ADE3A /* QRcodeTests */ = {
			isa = PBXNativeTarget;
			buildConfigurationList = B3C8F3D11957C30F008ADE3A /* Build configuration list for PBXNativeTarget "QRcodeTests" */;
			buildPhases = (
				B3C8F3B91957C30E008ADE3A /* Sources */,
				B3C8F3BA1957C30E008ADE3A /* Frameworks */,
				B3C8F3BB1957C30E008ADE3A /* Resources */,
			);
			buildRules = (
			);
			dependencies = (
				B3C8F3C31957C30F008ADE3A /* PBXTargetDependency */,
			);
			name = QRcodeTests;
			productName = QRcodeTests;
			productReference = B3C8F3BD1957C30E008ADE3A /* QRcodeTests.xctest */;
			productType = "com.apple.product-type.bundle.unit-test";
		};
/* End PBXNativeTarget section */

/* Begin PBXProject section */
		B3C8F39A1957C30D008ADE3A /* Project object */ = {
			isa = PBXProject;
			attributes = {
				LastUpgradeCheck = 0500;
				ORGANIZATIONNAME = Static;
				TargetAttributes = {
					B3C8F3BC1957C30E008ADE3A = {
						TestTargetID = B3C8F3A11957C30D008ADE3A;
					};
				};
			};
			buildConfigurationList = B3C8F39D1957C30D008ADE3A /* Build configuration list for PBXProject "QRcode" */;
			compatibilityVersion = "Xcode 3.2";
			developmentRegion = English;
			hasScannedForEncodings = 0;
			knownRegions = (
				en,
			);
			mainGroup = B3C8F3991957C30D008ADE3A;
			productRefGroup = B3C8F3A31957C30D008ADE3A /* Products */;
			projectDirPath = "";
			projectRoot = "";
			targets = (
				B3C8F3A11957C30D008ADE3A /* QRcode */,
				B3C8F3BC1957C30E008ADE3A /* QRcodeTests */,
			);
		};
/* End PBXProject section */

/* Begin PBXResourcesBuildPhase section */
		B3C8F3A01957C30D008ADE3A /* Resources */ = {
			isa = PBXResourcesBuildPhase;
			buildActionMask = 2147483647;
			files = (
				B3C8F3B01957C30D008ADE3A /* InfoPlist.strings in Resources */,
				B3C8F3B81957C30E008ADE3A /* Images.xcassets in Resources */,
			);
			runOnlyForDeploymentPostprocessing = 0;
		};
		B3C8F3BB1957C30E008ADE3A /* Resources */ = {
			isa = PBXResourcesBuildPhase;
			buildActionMask = 2147483647;
			files = (
				B3C8F3C91957C30F008ADE3A /* InfoPlist.strings in Resources */,
			);
			runOnlyForDeploymentPostprocessing = 0;
		};
/* End PBXResourcesBuildPhase section */

/* Begin PBXSourcesBuildPhase section */
		B3C8F39E1957C30D008ADE3A /* Sources */ = {
			isa = PBXSourcesBuildPhase;
			buildActionMask = 2147483647;
			files = (
				B3C8F3B61957C30E008ADE3A /* AppDelegate.m in Sources */,
				B3C8F3B21957C30E008ADE3A /* main.m in Sources */,
			);
			runOnlyForDeploymentPostprocessing = 0;
		};
		B3C8F3B91957C30E008ADE3A /* Sources */ = {
			isa = PBXSourcesBuildPhase;
			buildActionMask = 2147483647;
			files = (
				B3C8F3CB1957C30F008ADE3A /* QRcodeTests.m in Sources */,
			);
			runOnlyForDeploymentPostprocessing = 0;
		};
/* End PBXSourcesBuildPhase section */

/* Begin PBXTargetDependency section */
		B3C8F3C31957C30F008ADE3A /* PBXTargetDependency */ = {
			isa = PBXTargetDependency;
			target = B3C8F3A11957C30D008ADE3A /* QRcode */;
			targetProxy = B3C8F3C21957C30F008ADE3A /* PBXContainerItemProxy */;
		};
/* End PBXTargetDependency section */

/* Begin PBXVariantGroup section */
		B3C8F3AE1957C30D008ADE3A /* InfoPlist.strings */ = {
			isa = PBXVariantGroup;
			children = (
				B3C8F3AF1957C30D008ADE3A /* en */,
			);
			name = InfoPlist.strings;
			sourceTree = "<group>";
		};
		B3C8F3C71957C30F008ADE3A /* InfoPlist.strings */ = {
			isa = PBXVariantGroup;
			children = (
				B3C8F3C81957C30F008ADE3A /* en */,
			);
			name = InfoPlist.strings;
			sourceTree = "<group>";
		};
/* End PBXVariantGroup section */

/* Begin XCBuildConfiguration section */
		B3C8F3CC1957C30F008ADE3A /* Debug */ = {
			isa = XCBuildConfiguration;
			buildSettings = {
				ALWAYS_SEARCH_USER_PATHS = NO;
				ARCHS = "$(ARCHS_STANDARD_INCLUDING_64_BIT)";
				CLANG_CXX_LANGUAGE_STANDARD = "gnu++0x";
				CLANG_CXX_LIBRARY = "libc++";
				CLANG_ENABLE_MODULES = YES;
				CLANG_ENABLE_OBJC_ARC = YES;
				CLANG_WARN_BOOL_CONVERSION = YES;
				CLANG_WARN_CONSTANT_CONVERSION = YES;
				CLANG_WARN_DIRECT_OBJC_ISA_USAGE = YES_ERROR;
				CLANG_WARN_EMPTY_BODY = YES;
				CLANG_WARN_ENUM_CONVERSION = YES;
				CLANG_WARN_INT_CONVERSION = YES;
				CLANG_WARN_OBJC_ROOT_CLASS = YES_ERROR;
				CLANG_WARN__DUPLICATE_METHOD_MATCH = YES;
				"CODE_SIGN_IDENTITY[sdk=iphoneos*]" = "iPhone Developer";
				COPY_PHASE_STRIP = NO;
				GCC_C_LANGUAGE_STANDARD = gnu99;
				GCC_DYNAMIC_NO_PIC = NO;
				GCC_OPTIMIZATION_LEVEL = 0;
				GCC_PREPROCESSOR_DEFINITIONS = (
					"DEBUG=1",
					"$(inherited)",
				);
				GCC_SYMBOLS_PRIVATE_EXTERN = NO;
				GCC_WARN_64_TO_32_BIT_CONVERSION = YES;
				GCC_WARN_ABOUT_RETURN_TYPE = YES_ERROR;
				GCC_WARN_UNDECLARED_SELECTOR = YES;
				GCC_WARN_UNINITIALIZED_AUTOS = YES;
				GCC_WARN_UNUSED_FUNCTION = YES;
				GCC_WARN_UNUSED_VARIABLE = YES;
				IPHONEOS_DEPLOYMENT_TARGET = 7.1;
				ONLY_ACTIVE_ARCH = YES;
				SDKROOT = iphoneos;
			};
			name = Debug;
		};
		B3C8F3CD1957C30F008ADE3A /* Release */ = {
			isa = XCBuildConfiguration;
			buildSettings = {
				ALWAYS_SEARCH_USER_PATHS = NO;
				ARCHS = "$(ARCHS_STANDARD_INCLUDING_64_BIT)";
				CLANG_CXX_LANGUAGE_STANDARD = "gnu++0x";
				CLANG_CXX_LIBRARY = "libc++";
				CLANG_ENABLE_MODULES = YES;
				CLANG_ENABLE_OBJC_ARC = YES;
				CLANG_WARN_BOOL_CONVERSION = YES;
				CLANG_WARN_CONSTANT_CONVERSION = YES;
				CLANG_WARN_DIRECT_OBJC_ISA_USAGE = YES_ERROR;
				CLANG_WARN_EMPTY_BODY = YES;
				CLANG_WARN_ENUM_CONVERSION = YES;
				CLANG_WARN_INT_CONVERSION = YES;
				CLANG_WARN_OBJC_ROOT_CLASS = YES_ERROR;
				CLANG_WARN__DUPLICATE_METHOD_MATCH = YES;
				"CODE_SIGN_IDENTITY[sdk=iphoneos*]" = "iPhone Developer";
				COPY_PHASE_STRIP = YES;
				ENABLE_NS_ASSERTIONS = NO;
				GCC_C_LANGUAGE_STANDARD = gnu99;
				GCC_WARN_64_TO_32_BIT_CONVERSION = YES;
				GCC_WARN_ABOUT_RETURN_TYPE = YES_ERROR;
				GCC_WARN_UNDECLARED_SELECTOR = YES;
				GCC_WARN_UNINITIALIZED_AUTOS = YES;
				GCC_WARN_UNUSED_FUNCTION = YES;
				GCC_WARN_UNUSED_VARIABLE = YES;
				IPHONEOS_DEPLOYMENT_TARGET = 7.1;
				SDKROOT = iphoneos;
				VALIDATE_PRODUCT = YES;
			};
			name = Release;
		};
		B3C8F3CF1957C30F008ADE3A /* Debug */ = {
			isa = XCBuildConfiguration;
			buildSettings = {
				ASSETCATALOG_COMPILER_APPICON_NAME = AppIcon;
				ASSETCATALOG_COMPILER_LAUNCHIMAGE_NAME = LaunchImage;
				GCC_PRECOMPILE_PREFIX_HEADER = YES;
				GCC_PREFIX_HEADER = "QRcode/QRcode-Prefix.pch";
				INFOPLIST_FILE = "QRcode/QRcode-Info.plist";
				PRODUCT_NAME = "$(TARGET_NAME)";
				WRAPPER_EXTENSION = app;
			};
			name = Debug;
		};
		B3C8F3D01957C30F008ADE3A /* Release */ = {
			isa = XCBuildConfiguration;
			buildSettings = {
				ASSETCATALOG_COMPILER_APPICON_NAME = AppIcon;
				ASSETCATALOG_COMPILER_LAUNCHIMAGE_NAME = LaunchImage;
				GCC_PRECOMPILE_PREFIX_HEADER = YES;
				GCC_PREFIX_HEADER = "QRcode/QRcode-Prefix.pch";
				INFOPLIST_FILE = "QRcode/QRcode-Info.plist";
				PRODUCT_NAME = "$(TARGET_NAME)";
				WRAPPER_EXTENSION = app;
			};
			name = Release;
		};
		B3C8F3D21957C30F008ADE3A /* Debug */ = {
			isa = XCBuildConfiguration;
			buildSettings = {
				ARCHS = "$(ARCHS_STANDARD_INCLUDING_64_BIT)";
				BUNDLE_LOADER = "$(BUILT_PRODUCTS_DIR)/QRcode.app/QRcode";
				FRAMEWORK_SEARCH_PATHS = (
					"$(SDKROOT)/Developer/Library/Frameworks",
					"$(inherited)",
					"$(DEVELOPER_FRAMEWORKS_DIR)",
				);
				GCC_PRECOMPILE_PREFIX_HEADER = YES;
				GCC_PREFIX_HEADER = "QRcode/QRcode-Prefix.pch";
				GCC_PREPROCESSOR_DEFINITIONS = (
					"DEBUG=1",
					"$(inherited)",
				);
				INFOPLIST_FILE = "QRcodeTests/QRcodeTests-Info.plist";
				PRODUCT_NAME = "$(TARGET_NAME)";
				TEST_HOST = "$(BUNDLE_LOADER)";
				WRAPPER_EXTENSION = xctest;
			};
			name = Debug;
		};
		B3C8F3D31957C30F008ADE3A /* Release */ = {
			isa = XCBuildConfiguration;
			buildSettings = {
				ARCHS = "$(ARCHS_STANDARD_INCLUDING_64_BIT)";
				BUNDLE_LOADER = "$(BUILT_PRODUCTS_DIR)/QRcode.app/QRcode";
				FRAMEWORK_SEARCH_PATHS = (
					"$(SDKROOT)/Developer/Library/Frameworks",
					"$(inherited)",
					"$(DEVELOPER_FRAMEWORKS_DIR)",
				);
				GCC_PRECOMPILE_PREFIX_HEADER = YES;
				GCC_PREFIX_HEADER = "QRcode/QRcode-Prefix.pch";
				INFOPLIST_FILE = "QRcodeTests/QRcodeTests-Info.plist";
				PRODUCT_NAME = "$(TARGET_NAME)";
				TEST_HOST = "$(BUNDLE_LOADER)";
				WRAPPER_EXTENSION = xctest;
			};
			name = Release;
		};
/* End XCBuildConfiguration section */

/* Begin XCConfigurationList section */
		B3C8F39D1957C30D008ADE3A /* Build configuration list for PBXProject "QRcode" */ = {
			isa = XCConfigurationList;
			buildConfigurations = (
				B3C8F3CC1957C30F008ADE3A /* Debug */,
				B3C8F3CD1957C30F008ADE3A /* Release */,
			);
			defaultConfigurationIsVisible = 0;
			defaultConfigurationName = Release;
		};
		B3C8F3CE1957C30F008ADE3A /* Build configuration list for PBXNativeTarget "QRcode" */ = {
			isa = XCConfigurationList;
			buildConfigurations = (
				B3C8F3CF1957C30F008ADE3A /* Debug */,
				B3C8F3D01957C30F008ADE3A /* Release */,
			);
			defaultConfigurationIsVisible = 0;
		};
		B3C8F3D11957C30F008ADE3A /* Build configuration list for PBXNativeTarget "QRcodeTests" */ = {
			isa = XCConfigurationList;
			buildConfigurations = (
				B3C8F3D21957C30F008ADE3A /* Debug */,
				B3C8F3D31957C30F008ADE3A /* Release */,
			);
			defaultConfigurationIsVisible = 0;
		};
/* End XCConfigurationList section */
	};
	rootObject = B3C8F39A1957C30D008ADE3A /* Project object */;
}
